
Microsoft Visual Studio Solution File, Format Version 12.00
# Visual Studio Version 17
VisualStudioVersion = 17.5.002.0
MinimumVisualStudioVersion = 10.0.40219.1
Project("{9A19103F-16F7-4668-BE54-9A1E7A4F7556}") = "Task1v1", "Task1v1\Task1v1.csproj", "{03E569C8-A216-4A04-93E9-83C2EA3D1D03}"
EndProject
Project("{9A19103F-16F7-4668-BE54-9A1E7A4F7556}") = "Task1v2", "Task1v2\Task1v2.csproj", "{6F7F2873-FC7F-4277-90F4-59A3C9001AFD}"
EndProject
Project("{9A19103F-16F7-4668-BE54-9A1E7A4F7556}") = "Task1v3", "Task1v3\Task1v3.csproj", "{9EF01218-E1DE-4739-9D6C-FF2D212EC286}"
EndProject
Project("{9A19103F-16F7-4668-BE54-9A1E7A4F7556}") = "Task1v4", "Task1v4\Task1v4.csproj", "{6F7BF9DA-9CF2-4C19-827D-54D52FE501A6}"
EndProject
Project("{9A19103F-16F7-4668-BE54-9A1E7A4F7556}") = "Task2", "Task2StringBuilder\Task2.csproj", "{6F0672BA-6745-4237-83CF-3EB228F00B83}"
EndProject
Project("{9A19103F-16F7-4668-BE54-9A1E7A4F7556}") = "Task2 (1)", "Task2StringOnly\Task2.csproj", "{CD4AF0ED-6FB0-4849-8581-64D825D71F25}"
EndProject
Global
	GlobalSection(SolutionConfigurationPlatforms) = preSolution
		Debug|Any CPU = Debug|Any CPU
		Release|Any CPU = Release|Any CPU
	EndGlobalSection
	GlobalSection(ProjectConfigurationPlatforms) = postSolution
		{03E569C8-A216-4A04-93E9-83C2EA3D1D03}.Debug|Any CPU.ActiveCfg = Debug|Any CPU
		{03E569C8-A216-4A04-93E9-83C2EA3D1D03}.Debug|Any CPU.Build.0 = Debug|Any CPU
		{03E569C8-A216-4A04-93E9-83C2EA3D1D03}.Release|Any CPU.ActiveCfg = Release|Any CPU
		{03E569C8-A216-4A04-93E9-83C2EA3D1D03}.Release|Any CPU.Build.0 = Release|Any CPU
		{6F7F2873-FC7F-4277-90F4-59A3C9001AFD}.Debug|Any CPU.ActiveCfg = Debug|Any CPU
		{6F7F2873-FC7F-4277-90F4-59A3C9001AFD}.Debug|Any CPU.Build.0 = Debug|Any CPU
		{6F7F2873-FC7F-4277-90F4-59A3C9001AFD}.Release|Any CPU.ActiveCfg = Release|Any CPU
		{6F7F2873-FC7F-4277-90F4-59A3C9001AFD}.Release|Any CPU.Build.0 = Release|Any CPU
		{9EF01218-E1DE-4739-9D6C-FF2D212EC286}.Debug|Any CPU.ActiveCfg = Debug|Any CPU
		{9EF01218-E1DE-4739-9D6C-FF2D212EC286}.Debug|Any CPU.Build.0 = Debug|Any CPU
		{9EF01218-E1DE-4739-9D6C-FF2D212EC286}.Release|Any CPU.ActiveCfg = Release|Any CPU
		{9EF01218-E1DE-4739-9D6C-FF2D212EC286}.Release|Any CPU.Build.0 = Release|Any CPU
		{6F7BF9DA-9CF2-4C19-827D-54D52FE501A6}.Debug|Any CPU.ActiveCfg = Debug|Any CPU
		{6F7BF9DA-9CF2-4C19-827D-54D52FE501A6}.Debug|Any CPU.Build.0 = Debug|Any CPU
		{6F7BF9DA-9CF2-4C19-827D-54D52FE501A6}.Release|Any CPU.ActiveCfg = Release|Any CPU
		{6F7BF9DA-9CF2-4C19-827D-54D52FE501A6}.Release|Any CPU.Build.0 = Release|Any CPU
		{6F0672BA-6745-4237-83CF-3EB228F00B83}.Debug|Any CPU.ActiveCfg = Debug|Any CPU
		{6F0672BA-6745-4237-83CF-3EB228F00B83}.Debug|Any CPU.Build.0 = Debug|Any CPU
		{6F0672BA-6745-4237-83CF-3EB228F00B83}.Release|Any CPU.ActiveCfg = Release|Any CPU
		{6F0672BA-6745-4237-83CF-3EB228F00B83}.Release|Any CPU.Build.0 = Release|Any CPU
		{CD4AF0ED-6FB0-4849-8581-64D825D71F25}.Debug|Any CPU.ActiveCfg = Debug|Any CPU
		{CD4AF0ED-6FB0-4849-8581-64D825D71F25}.Debug|Any CPU.Build.0 = Debug|Any CPU
		{CD4AF0ED-6FB0-4849-8581-64D825D71F25}.Release|Any CPU.ActiveCfg = Release|Any CPU
		{CD4AF0ED-6FB0-4849-8581-64D825D71F25}.Release|Any CPU.Build.0 = Release|Any CPU
	EndGlobalSection
	GlobalSection(SolutionProperties) = preSolution
		HideSolutionNode = FALSE
	EndGlobalSection
	GlobalSection(ExtensibilityGlobals) = postSolution
		SolutionGuid = {1E85541F-915B-478C-BB1D-E5340DA6992E}
	EndGlobalSection
EndGlobal
